
Microsoft Visual Studio Solution File, Format Version 12.00
# Visual Studio Version 16
VisualStudioVersion = 16.0.31205.134
MinimumVisualStudioVersion = 10.0.40219.1
Project("{9A19103F-16F7-4668-BE54-9A1E7A4F7556}") = "Information Security Risks", "Information Security Risks\Information Security Risks.csproj", "{6846C8DF-6F50-48C1-93DE-9C650874416A}"
EndProject
Global
	GlobalSection(SolutionConfigurationPlatforms) = preSolution
		Debug|Any CPU = Debug|Any CPU
		Release|Any CPU = Release|Any CPU
	EndGlobalSection
	GlobalSection(ProjectConfigurationPlatforms) = postSolution
		{6846C8DF-6F50-48C1-93DE-9C650874416A}.Debug|Any CPU.ActiveCfg = Debug|Any CPU
		{6846C8DF-6F50-48C1-93DE-9C650874416A}.Debug|Any CPU.Build.0 = Debug|Any CPU
		{6846C8DF-6F50-48C1-93DE-9C650874416A}.Release|Any CPU.ActiveCfg = Release|Any CPU
		{6846C8DF-6F50-48C1-93DE-9C650874416A}.Release|Any CPU.Build.0 = Release|Any CPU
	EndGlobalSection
	GlobalSection(SolutionProperties) = preSolution
		HideSolutionNode = FALSE
	EndGlobalSection
	GlobalSection(ExtensibilityGlobals) = postSolution
		SolutionGuid = {BD392E55-C3D5-406B-8322-C855338C199D}
	EndGlobalSection
EndGlobal
